
Microsoft Visual Studio Solution File, Format Version 11.00
# Visual Studio 2010
Project("{FAE04EC0-301F-11D3-BF4B-00C04F79EFBC}") = "SeguimientoSuper", "SeguimientoSuper\SeguimientoSuper.csproj", "{2672160B-DAB9-45C1-BDEF-DA7F90FB9C98}"
EndProject
Project("{FAE04EC0-301F-11D3-BF4B-00C04F79EFBC}") = "CommonAdminPaq", "CommonAdminPaq\CommonAdminPaq.csproj", "{FBFE32B7-F433-430E-9DBC-60CAC18725D2}"
EndProject
Project("{54435603-DBB4-11D2-8724-00A0C9A8B90C}") = "Setup_Seguimiento_Super", "Setup_Seguimiento_Super\Setup_Seguimiento_Super.vdproj", "{D44A977E-3982-454D-BF39-35418484572C}"
EndProject
Project("{FAE04EC0-301F-11D3-BF4B-00C04F79EFBC}") = "SeguimientoCobrador", "SeguimientoCobrador\SeguimientoCobrador.csproj", "{0848A8EE-0E7B-46D9-A8C5-4A0396757FC4}"
EndProject
Project("{54435603-DBB4-11D2-8724-00A0C9A8B90C}") = "Setup_Seguimiento_Cobrador", "Setup_Seguimiento_Cobrador\Setup_Seguimiento_Cobrador.vdproj", "{234ADE57-5DDC-4601-A42A-67B0D8FDFA7B}"
EndProject
Project("{FAE04EC0-301F-11D3-BF4B-00C04F79EFBC}") = "SeguimientoGerente", "SeguimientoGerente\SeguimientoGerente.csproj", "{E4CDFF9A-8D8C-4EBD-8287-89CA0FD55C19}"
EndProject
Project("{54435603-DBB4-11D2-8724-00A0C9A8B90C}") = "Setup_Seguimiento_Gerente", "Setup_Seguimiento_Gerente\Setup_Seguimiento_Gerente.vdproj", "{7E589D75-EF03-4EFE-800E-6984BC07AF89}"
EndProject
Global
	GlobalSection(SolutionConfigurationPlatforms) = preSolution
		Debug|Any CPU = Debug|Any CPU
		Debug|Mixed Platforms = Debug|Mixed Platforms
		Debug|x86 = Debug|x86
		Release|Any CPU = Release|Any CPU
		Release|Mixed Platforms = Release|Mixed Platforms
		Release|x86 = Release|x86
	EndGlobalSection
	GlobalSection(ProjectConfigurationPlatforms) = postSolution
		{2672160B-DAB9-45C1-BDEF-DA7F90FB9C98}.Debug|Any CPU.ActiveCfg = Debug|x86
		{2672160B-DAB9-45C1-BDEF-DA7F90FB9C98}.Debug|Mixed Platforms.ActiveCfg = Debug|x86
		{2672160B-DAB9-45C1-BDEF-DA7F90FB9C98}.Debug|Mixed Platforms.Build.0 = Debug|x86
		{2672160B-DAB9-45C1-BDEF-DA7F90FB9C98}.Debug|x86.ActiveCfg = Debug|x86
		{2672160B-DAB9-45C1-BDEF-DA7F90FB9C98}.Debug|x86.Build.0 = Debug|x86
		{2672160B-DAB9-45C1-BDEF-DA7F90FB9C98}.Release|Any CPU.ActiveCfg = Release|x86
		{2672160B-DAB9-45C1-BDEF-DA7F90FB9C98}.Release|Mixed Platforms.ActiveCfg = Release|x86
		{2672160B-DAB9-45C1-BDEF-DA7F90FB9C98}.Release|Mixed Platforms.Build.0 = Release|x86
		{2672160B-DAB9-45C1-BDEF-DA7F90FB9C98}.Release|x86.ActiveCfg = Release|x86
		{2672160B-DAB9-45C1-BDEF-DA7F90FB9C98}.Release|x86.Build.0 = Release|x86
		{FBFE32B7-F433-430E-9DBC-60CAC18725D2}.Debug|Any CPU.ActiveCfg = Debug|Any CPU
		{FBFE32B7-F433-430E-9DBC-60CAC18725D2}.Debug|Any CPU.Build.0 = Debug|Any CPU
		{FBFE32B7-F433-430E-9DBC-60CAC18725D2}.Debug|Mixed Platforms.ActiveCfg = Debug|Any CPU
		{FBFE32B7-F433-430E-9DBC-60CAC18725D2}.Debug|Mixed Platforms.Build.0 = Debug|Any CPU
		{FBFE32B7-F433-430E-9DBC-60CAC18725D2}.Debug|x86.ActiveCfg = Debug|Any CPU
		{FBFE32B7-F433-430E-9DBC-60CAC18725D2}.Release|Any CPU.ActiveCfg = Release|Any CPU
		{FBFE32B7-F433-430E-9DBC-60CAC18725D2}.Release|Any CPU.Build.0 = Release|Any CPU
		{FBFE32B7-F433-430E-9DBC-60CAC18725D2}.Release|Mixed Platforms.ActiveCfg = Release|Any CPU
		{FBFE32B7-F433-430E-9DBC-60CAC18725D2}.Release|Mixed Platforms.Build.0 = Release|Any CPU
		{FBFE32B7-F433-430E-9DBC-60CAC18725D2}.Release|x86.ActiveCfg = Release|Any CPU
		{D44A977E-3982-454D-BF39-35418484572C}.Debug|Any CPU.ActiveCfg = Debug
		{D44A977E-3982-454D-BF39-35418484572C}.Debug|Mixed Platforms.ActiveCfg = Debug
		{D44A977E-3982-454D-BF39-35418484572C}.Debug|x86.ActiveCfg = Debug
		{D44A977E-3982-454D-BF39-35418484572C}.Release|Any CPU.ActiveCfg = Release
		{D44A977E-3982-454D-BF39-35418484572C}.Release|Mixed Platforms.ActiveCfg = Release
		{D44A977E-3982-454D-BF39-35418484572C}.Release|x86.ActiveCfg = Release
		{0848A8EE-0E7B-46D9-A8C5-4A0396757FC4}.Debug|Any CPU.ActiveCfg = Debug|x86
		{0848A8EE-0E7B-46D9-A8C5-4A0396757FC4}.Debug|Mixed Platforms.ActiveCfg = Debug|x86
		{0848A8EE-0E7B-46D9-A8C5-4A0396757FC4}.Debug|Mixed Platforms.Build.0 = Debug|x86
		{0848A8EE-0E7B-46D9-A8C5-4A0396757FC4}.Debug|x86.ActiveCfg = Debug|x86
		{0848A8EE-0E7B-46D9-A8C5-4A0396757FC4}.Debug|x86.Build.0 = Debug|x86
		{0848A8EE-0E7B-46D9-A8C5-4A0396757FC4}.Release|Any CPU.ActiveCfg = Release|x86
		{0848A8EE-0E7B-46D9-A8C5-4A0396757FC4}.Release|Mixed Platforms.ActiveCfg = Release|x86
		{0848A8EE-0E7B-46D9-A8C5-4A0396757FC4}.Release|Mixed Platforms.Build.0 = Release|x86
		{0848A8EE-0E7B-46D9-A8C5-4A0396757FC4}.Release|x86.ActiveCfg = Release|x86
		{0848A8EE-0E7B-46D9-A8C5-4A0396757FC4}.Release|x86.Build.0 = Release|x86
		{234ADE57-5DDC-4601-A42A-67B0D8FDFA7B}.Debug|Any CPU.ActiveCfg = Debug
		{234ADE57-5DDC-4601-A42A-67B0D8FDFA7B}.Debug|Mixed Platforms.ActiveCfg = Debug
		{234ADE57-5DDC-4601-A42A-67B0D8FDFA7B}.Debug|x86.ActiveCfg = Debug
		{234ADE57-5DDC-4601-A42A-67B0D8FDFA7B}.Release|Any CPU.ActiveCfg = Release
		{234ADE57-5DDC-4601-A42A-67B0D8FDFA7B}.Release|Mixed Platforms.ActiveCfg = Release
		{234ADE57-5DDC-4601-A42A-67B0D8FDFA7B}.Release|x86.ActiveCfg = Release
		{E4CDFF9A-8D8C-4EBD-8287-89CA0FD55C19}.Debug|Any CPU.ActiveCfg = Debug|x86
		{E4CDFF9A-8D8C-4EBD-8287-89CA0FD55C19}.Debug|Mixed Platforms.ActiveCfg = Debug|x86
		{E4CDFF9A-8D8C-4EBD-8287-89CA0FD55C19}.Debug|Mixed Platforms.Build.0 = Debug|x86
		{E4CDFF9A-8D8C-4EBD-8287-89CA0FD55C19}.Debug|x86.ActiveCfg = Debug|x86
		{E4CDFF9A-8D8C-4EBD-8287-89CA0FD55C19}.Debug|x86.Build.0 = Debug|x86
		{E4CDFF9A-8D8C-4EBD-8287-89CA0FD55C19}.Release|Any CPU.ActiveCfg = Release|x86
		{E4CDFF9A-8D8C-4EBD-8287-89CA0FD55C19}.Release|Mixed Platforms.ActiveCfg = Release|x86
		{E4CDFF9A-8D8C-4EBD-8287-89CA0FD55C19}.Release|Mixed Platforms.Build.0 = Release|x86
		{E4CDFF9A-8D8C-4EBD-8287-89CA0FD55C19}.Release|x86.ActiveCfg = Release|x86
		{E4CDFF9A-8D8C-4EBD-8287-89CA0FD55C19}.Release|x86.Build.0 = Release|x86
		{7E589D75-EF03-4EFE-800E-6984BC07AF89}.Debug|Any CPU.ActiveCfg = Debug
		{7E589D75-EF03-4EFE-800E-6984BC07AF89}.Debug|Mixed Platforms.ActiveCfg = Debug
		{7E589D75-EF03-4EFE-800E-6984BC07AF89}.Debug|x86.ActiveCfg = Debug
		{7E589D75-EF03-4EFE-800E-6984BC07AF89}.Release|Any CPU.ActiveCfg = Release
		{7E589D75-EF03-4EFE-800E-6984BC07AF89}.Release|Mixed Platforms.ActiveCfg = Release
		{7E589D75-EF03-4EFE-800E-6984BC07AF89}.Release|x86.ActiveCfg = Release
	EndGlobalSection
	GlobalSection(SolutionProperties) = preSolution
		HideSolutionNode = FALSE
	EndGlobalSection
EndGlobal
